// !$*UTF8*$!
{
	archiveVersion = 1;
	classes = {
	};
	objectVersion = 46;
	objects = {

/* Begin PBXBuildFile section */
		55CE31A5B2F9B79331E51F94 /* libPods-FavoriteManager.a in Frameworks */ = {isa = PBXBuildFile; fileRef = 57E7BDB9B3D867AB3AAD7E00 /* libPods-FavoriteManager.a */; };
		B11B9BBED091FDCCA48568B8 /* libPods-FavoriteManagerTests.a in Frameworks */ = {isa = PBXBuildFile; fileRef = 3372626ED00C9F30B7B9C0AB /* libPods-FavoriteManagerTests.a */; };
		D8A4DD955E4DD15EB25848BA /* libPods-FavoriteManagerUITests.a in Frameworks */ = {isa = PBXBuildFile; fileRef = 9B40061BBD29B862CF43AF42 /* libPods-FavoriteManagerUITests.a */; };
		E931E73E1D55DAAB00D96FC6 /* main.m in Sources */ = {isa = PBXBuildFile; fileRef = E931E73D1D55DAAB00D96FC6 /* main.m */; };
		E931E7411D55DAAB00D96FC6 /* AppDelegate.m in Sources */ = {isa = PBXBuildFile; fileRef = E931E7401D55DAAB00D96FC6 /* AppDelegate.m */; };
		E931E7441D55DAAB00D96FC6 /* ViewController.m in Sources */ = {isa = PBXBuildFile; fileRef = E931E7431D55DAAB00D96FC6 /* ViewController.m */; };
		E931E7471D55DAAB00D96FC6 /* Main.storyboard in Resources */ = {isa = PBXBuildFile; fileRef = E931E7451D55DAAB00D96FC6 /* Main.storyboard */; };
		E931E7491D55DAAB00D96FC6 /* Assets.xcassets in Resources */ = {isa = PBXBuildFile; fileRef = E931E7481D55DAAB00D96FC6 /* Assets.xcassets */; };
		E931E74C1D55DAAB00D96FC6 /* LaunchScreen.storyboard in Resources */ = {isa = PBXBuildFile; fileRef = E931E74A1D55DAAB00D96FC6 /* LaunchScreen.storyboard */; };
		E931E7571D55DAAB00D96FC6 /* FavoriteManagerTests.m in Sources */ = {isa = PBXBuildFile; fileRef = E931E7561D55DAAB00D96FC6 /* FavoriteManagerTests.m */; };
		E931E7621D55DAAB00D96FC6 /* FavoriteManagerUITests.m in Sources */ = {isa = PBXBuildFile; fileRef = E931E7611D55DAAB00D96FC6 /* FavoriteManagerUITests.m */; };
		E94283E11D56BC9400FC9B1A /* FMLoginFetcher.m in Sources */ = {isa = PBXBuildFile; fileRef = E94283E01D56BC9400FC9B1A /* FMLoginFetcher.m */; };
		E94283FD1D56BCBD00FC9B1A /* NSDateFormatter+STTwitter.m in Sources */ = {isa = PBXBuildFile; fileRef = E94283E31D56BCBD00FC9B1A /* NSDateFormatter+STTwitter.m */; };
		E94283FE1D56BCBD00FC9B1A /* NSError+STTwitter.m in Sources */ = {isa = PBXBuildFile; fileRef = E94283E51D56BCBD00FC9B1A /* NSError+STTwitter.m */; };
		E94283FF1D56BCBD00FC9B1A /* NSString+STTwitter.m in Sources */ = {isa = PBXBuildFile; fileRef = E94283E71D56BCBD00FC9B1A /* NSString+STTwitter.m */; };
		E94284001D56BCBD00FC9B1A /* STHTTPRequest+STTwitter.m in Sources */ = {isa = PBXBuildFile; fileRef = E94283E91D56BCBD00FC9B1A /* STHTTPRequest+STTwitter.m */; };
		E94284011D56BCBD00FC9B1A /* STTwitterAPI.m in Sources */ = {isa = PBXBuildFile; fileRef = E94283EC1D56BCBD00FC9B1A /* STTwitterAPI.m */; };
		E94284021D56BCBD00FC9B1A /* STTwitterAppOnly.m in Sources */ = {isa = PBXBuildFile; fileRef = E94283EE1D56BCBD00FC9B1A /* STTwitterAppOnly.m */; };
		E94284031D56BCBD00FC9B1A /* STTwitterHTML.m in Sources */ = {isa = PBXBuildFile; fileRef = E94283F01D56BCBD00FC9B1A /* STTwitterHTML.m */; };
		E94284041D56BCBD00FC9B1A /* STTwitterOAuth.m in Sources */ = {isa = PBXBuildFile; fileRef = E94283F21D56BCBD00FC9B1A /* STTwitterOAuth.m */; };
		E94284051D56BCBD00FC9B1A /* STTwitterOS.m in Sources */ = {isa = PBXBuildFile; fileRef = E94283F41D56BCBD00FC9B1A /* STTwitterOS.m */; };
		E94284061D56BCBD00FC9B1A /* STTwitterOSRequest.m in Sources */ = {isa = PBXBuildFile; fileRef = E94283F61D56BCBD00FC9B1A /* STTwitterOSRequest.m */; };
		E94284071D56BCBD00FC9B1A /* STTwitterStreamParser.m in Sources */ = {isa = PBXBuildFile; fileRef = E94283FA1D56BCBD00FC9B1A /* STTwitterStreamParser.m */; };
		E94284081D56BCBD00FC9B1A /* Vendor in Resources */ = {isa = PBXBuildFile; fileRef = E94283FB1D56BCBD00FC9B1A /* Vendor */; };
/* End PBXBuildFile section */

/* Begin PBXContainerItemProxy section */
		E931E7531D55DAAB00D96FC6 /* PBXContainerItemProxy */ = {
			isa = PBXContainerItemProxy;
			containerPortal = E931E7311D55DAAB00D96FC6 /* Project object */;
			proxyType = 1;
			remoteGlobalIDString = E931E7381D55DAAB00D96FC6;
			remoteInfo = FavoriteManager;
		};
		E931E75E1D55DAAB00D96FC6 /* PBXContainerItemProxy */ = {
			isa = PBXContainerItemProxy;
			containerPortal = E931E7311D55DAAB00D96FC6 /* Project object */;
			proxyType = 1;
			remoteGlobalIDString = E931E7381D55DAAB00D96FC6;
			remoteInfo = FavoriteManager;
		};
/* End PBXContainerItemProxy section */

/* Begin PBXFileReference section */
		09038F4F180BC35C7CCF0D73 /* Pods-FavoriteManagerUITests.release.xcconfig */ = {isa = PBXFileReference; includeInIndex = 1; lastKnownFileType = text.xcconfig; name = "Pods-FavoriteManagerUITests.release.xcconfig"; path = "Pods/Target Support Files/Pods-FavoriteManagerUITests/Pods-FavoriteManagerUITests.release.xcconfig"; sourceTree = "<group>"; };
		192929CB0C1E1FD55842695F /* Pods-FavoriteManager.release.xcconfig */ = {isa = PBXFileReference; includeInIndex = 1; lastKnownFileType = text.xcconfig; name = "Pods-FavoriteManager.release.xcconfig"; path = "Pods/Target Support Files/Pods-FavoriteManager/Pods-FavoriteManager.release.xcconfig"; sourceTree = "<group>"; };
		30A4B777268533485835C03B /* Pods-FavoriteManagerUITests.debug.xcconfig */ = {isa = PBXFileReference; includeInIndex = 1; lastKnownFileType = text.xcconfig; name = "Pods-FavoriteManagerUITests.debug.xcconfig"; path = "Pods/Target Support Files/Pods-FavoriteManagerUITests/Pods-FavoriteManagerUITests.debug.xcconfig"; sourceTree = "<group>"; };
		3372626ED00C9F30B7B9C0AB /* libPods-FavoriteManagerTests.a */ = {isa = PBXFileReference; explicitFileType = archive.ar; includeInIndex = 0; path = "libPods-FavoriteManagerTests.a"; sourceTree = BUILT_PRODUCTS_DIR; };
		33EC790B9C449039148ACC08 /* Pods-FavoriteManager.debug.xcconfig */ = {isa = PBXFileReference; includeInIndex = 1; lastKnownFileType = text.xcconfig; name = "Pods-FavoriteManager.debug.xcconfig"; path = "Pods/Target Support Files/Pods-FavoriteManager/Pods-FavoriteManager.debug.xcconfig"; sourceTree = "<group>"; };
		57E7BDB9B3D867AB3AAD7E00 /* libPods-FavoriteManager.a */ = {isa = PBXFileReference; explicitFileType = archive.ar; includeInIndex = 0; path = "libPods-FavoriteManager.a"; sourceTree = BUILT_PRODUCTS_DIR; };
		9B40061BBD29B862CF43AF42 /* libPods-FavoriteManagerUITests.a */ = {isa = PBXFileReference; explicitFileType = archive.ar; includeInIndex = 0; path = "libPods-FavoriteManagerUITests.a"; sourceTree = BUILT_PRODUCTS_DIR; };
		C2421C5CAC97B7EF293B7CA6 /* Pods-FavoriteManagerTests.debug.xcconfig */ = {isa = PBXFileReference; includeInIndex = 1; lastKnownFileType = text.xcconfig; name = "Pods-FavoriteManagerTests.debug.xcconfig"; path = "Pods/Target Support Files/Pods-FavoriteManagerTests/Pods-FavoriteManagerTests.debug.xcconfig"; sourceTree = "<group>"; };
		DDED43BD02641CB6296E8C5B /* Pods-FavoriteManagerTests.release.xcconfig */ = {isa = PBXFileReference; includeInIndex = 1; lastKnownFileType = text.xcconfig; name = "Pods-FavoriteManagerTests.release.xcconfig"; path = "Pods/Target Support Files/Pods-FavoriteManagerTests/Pods-FavoriteManagerTests.release.xcconfig"; sourceTree = "<group>"; };
		E931E7391D55DAAB00D96FC6 /* FavoriteManager.app */ = {isa = PBXFileReference; explicitFileType = wrapper.application; includeInIndex = 0; path = FavoriteManager.app; sourceTree = BUILT_PRODUCTS_DIR; };
		E931E73D1D55DAAB00D96FC6 /* main.m */ = {isa = PBXFileReference; lastKnownFileType = sourcecode.c.objc; path = main.m; sourceTree = "<group>"; };
		E931E73F1D55DAAB00D96FC6 /* AppDelegate.h */ = {isa = PBXFileReference; lastKnownFileType = sourcecode.c.h; path = AppDelegate.h; sourceTree = "<group>"; };
		E931E7401D55DAAB00D96FC6 /* AppDelegate.m */ = {isa = PBXFileReference; lastKnownFileType = sourcecode.c.objc; path = AppDelegate.m; sourceTree = "<group>"; };
		E931E7421D55DAAB00D96FC6 /* ViewController.h */ = {isa = PBXFileReference; lastKnownFileType = sourcecode.c.h; path = ViewController.h; sourceTree = "<group>"; };
		E931E7431D55DAAB00D96FC6 /* ViewController.m */ = {isa = PBXFileReference; lastKnownFileType = sourcecode.c.objc; path = ViewController.m; sourceTree = "<group>"; };
		E931E7461D55DAAB00D96FC6 /* Base */ = {isa = PBXFileReference; lastKnownFileType = file.storyboard; name = Base; path = Base.lproj/Main.storyboard; sourceTree = "<group>"; };
		E931E7481D55DAAB00D96FC6 /* Assets.xcassets */ = {isa = PBXFileReference; lastKnownFileType = folder.assetcatalog; path = Assets.xcassets; sourceTree = "<group>"; };
		E931E74B1D55DAAB00D96FC6 /* Base */ = {isa = PBXFileReference; lastKnownFileType = file.storyboard; name = Base; path = Base.lproj/LaunchScreen.storyboard; sourceTree = "<group>"; };
		E931E74D1D55DAAB00D96FC6 /* Info.plist */ = {isa = PBXFileReference; lastKnownFileType = text.plist.xml; path = Info.plist; sourceTree = "<group>"; };
		E931E7521D55DAAB00D96FC6 /* FavoriteManagerTests.xctest */ = {isa = PBXFileReference; explicitFileType = wrapper.cfbundle; includeInIndex = 0; path = FavoriteManagerTests.xctest; sourceTree = BUILT_PRODUCTS_DIR; };
		E931E7561D55DAAB00D96FC6 /* FavoriteManagerTests.m */ = {isa = PBXFileReference; lastKnownFileType = sourcecode.c.objc; path = FavoriteManagerTests.m; sourceTree = "<group>"; };
		E931E7581D55DAAB00D96FC6 /* Info.plist */ = {isa = PBXFileReference; lastKnownFileType = text.plist.xml; path = Info.plist; sourceTree = "<group>"; };
		E931E75D1D55DAAB00D96FC6 /* FavoriteManagerUITests.xctest */ = {isa = PBXFileReference; explicitFileType = wrapper.cfbundle; includeInIndex = 0; path = FavoriteManagerUITests.xctest; sourceTree = BUILT_PRODUCTS_DIR; };
		E931E7611D55DAAB00D96FC6 /* FavoriteManagerUITests.m */ = {isa = PBXFileReference; lastKnownFileType = sourcecode.c.objc; path = FavoriteManagerUITests.m; sourceTree = "<group>"; };
		E931E7631D55DAAB00D96FC6 /* Info.plist */ = {isa = PBXFileReference; lastKnownFileType = text.plist.xml; path = Info.plist; sourceTree = "<group>"; };
		E94283DF1D56BC9400FC9B1A /* FMLoginFetcher.h */ = {isa = PBXFileReference; fileEncoding = 4; lastKnownFileType = sourcecode.c.h; path = FMLoginFetcher.h; sourceTree = "<group>"; };
		E94283E01D56BC9400FC9B1A /* FMLoginFetcher.m */ = {isa = PBXFileReference; fileEncoding = 4; lastKnownFileType = sourcecode.c.objc; path = FMLoginFetcher.m; sourceTree = "<group>"; };
		E94283E21D56BCBD00FC9B1A /* NSDateFormatter+STTwitter.h */ = {isa = PBXFileReference; fileEncoding = 4; lastKnownFileType = sourcecode.c.h; name = "NSDateFormatter+STTwitter.h"; path = "../FavoriteManager/STTwitter/NSDateFormatter+STTwitter.h"; sourceTree = "<group>"; };
		E94283E31D56BCBD00FC9B1A /* NSDateFormatter+STTwitter.m */ = {isa = PBXFileReference; fileEncoding = 4; lastKnownFileType = sourcecode.c.objc; name = "NSDateFormatter+STTwitter.m"; path = "../FavoriteManager/STTwitter/NSDateFormatter+STTwitter.m"; sourceTree = "<group>"; };
		E94283E41D56BCBD00FC9B1A /* NSError+STTwitter.h */ = {isa = PBXFileReference; fileEncoding = 4; lastKnownFileType = sourcecode.c.h; name = "NSError+STTwitter.h"; path = "../FavoriteManager/STTwitter/NSError+STTwitter.h"; sourceTree = "<group>"; };
		E94283E51D56BCBD00FC9B1A /* NSError+STTwitter.m */ = {isa = PBXFileReference; fileEncoding = 4; lastKnownFileType = sourcecode.c.objc; name = "NSError+STTwitter.m"; path = "../FavoriteManager/STTwitter/NSError+STTwitter.m"; sourceTree = "<group>"; };
		E94283E61D56BCBD00FC9B1A /* NSString+STTwitter.h */ = {isa = PBXFileReference; fileEncoding = 4; lastKnownFileType = sourcecode.c.h; name = "NSString+STTwitter.h"; path = "../FavoriteManager/STTwitter/NSString+STTwitter.h"; sourceTree = "<group>"; };
		E94283E71D56BCBD00FC9B1A /* NSString+STTwitter.m */ = {isa = PBXFileReference; fileEncoding = 4; lastKnownFileType = sourcecode.c.objc; name = "NSString+STTwitter.m"; path = "../FavoriteManager/STTwitter/NSString+STTwitter.m"; sourceTree = "<group>"; };
		E94283E81D56BCBD00FC9B1A /* STHTTPRequest+STTwitter.h */ = {isa = PBXFileReference; fileEncoding = 4; lastKnownFileType = sourcecode.c.h; name = "STHTTPRequest+STTwitter.h"; path = "../FavoriteManager/STTwitter/STHTTPRequest+STTwitter.h"; sourceTree = "<group>"; };
		E94283E91D56BCBD00FC9B1A /* STHTTPRequest+STTwitter.m */ = {isa = PBXFileReference; fileEncoding = 4; lastKnownFileType = sourcecode.c.objc; name = "STHTTPRequest+STTwitter.m"; path = "../FavoriteManager/STTwitter/STHTTPRequest+STTwitter.m"; sourceTree = "<group>"; };
		E94283EA1D56BCBD00FC9B1A /* STTwitter.h */ = {isa = PBXFileReference; fileEncoding = 4; lastKnownFileType = sourcecode.c.h; name = STTwitter.h; path = ../FavoriteManager/STTwitter/STTwitter.h; sourceTree = "<group>"; };
		E94283EB1D56BCBD00FC9B1A /* STTwitterAPI.h */ = {isa = PBXFileReference; fileEncoding = 4; lastKnownFileType = sourcecode.c.h; name = STTwitterAPI.h; path = ../FavoriteManager/STTwitter/STTwitterAPI.h; sourceTree = "<group>"; };
		E94283EC1D56BCBD00FC9B1A /* STTwitterAPI.m */ = {isa = PBXFileReference; fileEncoding = 4; lastKnownFileType = sourcecode.c.objc; name = STTwitterAPI.m; path = ../FavoriteManager/STTwitter/STTwitterAPI.m; sourceTree = "<group>"; };
		E94283ED1D56BCBD00FC9B1A /* STTwitterAppOnly.h */ = {isa = PBXFileReference; fileEncoding = 4; lastKnownFileType = sourcecode.c.h; name = STTwitterAppOnly.h; path = ../FavoriteManager/STTwitter/STTwitterAppOnly.h; sourceTree = "<group>"; };
		E94283EE1D56BCBD00FC9B1A /* STTwitterAppOnly.m */ = {isa = PBXFileReference; fileEncoding = 4; lastKnownFileType = sourcecode.c.objc; name = STTwitterAppOnly.m; path = ../FavoriteManager/STTwitter/STTwitterAppOnly.m; sourceTree = "<group>"; };
		E94283EF1D56BCBD00FC9B1A /* STTwitterHTML.h */ = {isa = PBXFileReference; fileEncoding = 4; lastKnownFileType = sourcecode.c.h; name = STTwitterHTML.h; path = ../FavoriteManager/STTwitter/STTwitterHTML.h; sourceTree = "<group>"; };
		E94283F01D56BCBD00FC9B1A /* STTwitterHTML.m */ = {isa = PBXFileReference; fileEncoding = 4; lastKnownFileType = sourcecode.c.objc; name = STTwitterHTML.m; path = ../FavoriteManager/STTwitter/STTwitterHTML.m; sourceTree = "<group>"; };
		E94283F11D56BCBD00FC9B1A /* STTwitterOAuth.h */ = {isa = PBXFileReference; fileEncoding = 4; lastKnownFileType = sourcecode.c.h; name = STTwitterOAuth.h; path = ../FavoriteManager/STTwitter/STTwitterOAuth.h; sourceTree = "<group>"; };
		E94283F21D56BCBD00FC9B1A /* STTwitterOAuth.m */ = {isa = PBXFileReference; fileEncoding = 4; lastKnownFileType = sourcecode.c.objc; name = STTwitterOAuth.m; path = ../FavoriteManager/STTwitter/STTwitterOAuth.m; sourceTree = "<group>"; };
		E94283F31D56BCBD00FC9B1A /* STTwitterOS.h */ = {isa = PBXFileReference; fileEncoding = 4; lastKnownFileType = sourcecode.c.h; name = STTwitterOS.h; path = ../FavoriteManager/STTwitter/STTwitterOS.h; sourceTree = "<group>"; };
		E94283F41D56BCBD00FC9B1A /* STTwitterOS.m */ = {isa = PBXFileReference; fileEncoding = 4; lastKnownFileType = sourcecode.c.objc; name = STTwitterOS.m; path = ../FavoriteManager/STTwitter/STTwitterOS.m; sourceTree = "<group>"; };
		E94283F51D56BCBD00FC9B1A /* STTwitterOSRequest.h */ = {isa = PBXFileReference; fileEncoding = 4; lastKnownFileType = sourcecode.c.h; name = STTwitterOSRequest.h; path = ../FavoriteManager/STTwitter/STTwitterOSRequest.h; sourceTree = "<group>"; };
		E94283F61D56BCBD00FC9B1A /* STTwitterOSRequest.m */ = {isa = PBXFileReference; fileEncoding = 4; lastKnownFileType = sourcecode.c.objc; name = STTwitterOSRequest.m; path = ../FavoriteManager/STTwitter/STTwitterOSRequest.m; sourceTree = "<group>"; };
		E94283F71D56BCBD00FC9B1A /* STTwitterProtocol.h */ = {isa = PBXFileReference; fileEncoding = 4; lastKnownFileType = sourcecode.c.h; name = STTwitterProtocol.h; path = ../FavoriteManager/STTwitter/STTwitterProtocol.h; sourceTree = "<group>"; };
		E94283F81D56BCBD00FC9B1A /* STTwitterRequestProtocol.h */ = {isa = PBXFileReference; fileEncoding = 4; lastKnownFileType = sourcecode.c.h; name = STTwitterRequestProtocol.h; path = ../FavoriteManager/STTwitter/STTwitterRequestProtocol.h; sourceTree = "<group>"; };
		E94283F91D56BCBD00FC9B1A /* STTwitterStreamParser.h */ = {isa = PBXFileReference; fileEncoding = 4; lastKnownFileType = sourcecode.c.h; name = STTwitterStreamParser.h; path = ../FavoriteManager/STTwitter/STTwitterStreamParser.h; sourceTree = "<group>"; };
		E94283FA1D56BCBD00FC9B1A /* STTwitterStreamParser.m */ = {isa = PBXFileReference; fileEncoding = 4; lastKnownFileType = sourcecode.c.objc; name = STTwitterStreamParser.m; path = ../FavoriteManager/STTwitter/STTwitterStreamParser.m; sourceTree = "<group>"; };
		E94283FB1D56BCBD00FC9B1A /* Vendor */ = {isa = PBXFileReference; lastKnownFileType = folder; name = Vendor; path = ../FavoriteManager/STTwitter/Vendor; sourceTree = "<group>"; };
/* End PBXFileReference section */

/* Begin PBXFrameworksBuildPhase section */
		E931E7361D55DAAB00D96FC6 /* Frameworks */ = {
			isa = PBXFrameworksBuildPhase;
			buildActionMask = 2147483647;
			files = (
				55CE31A5B2F9B79331E51F94 /* libPods-FavoriteManager.a in Frameworks */,
			);
			runOnlyForDeploymentPostprocessing = 0;
		};
		E931E74F1D55DAAB00D96FC6 /* Frameworks */ = {
			isa = PBXFrameworksBuildPhase;
			buildActionMask = 2147483647;
			files = (
				B11B9BBED091FDCCA48568B8 /* libPods-FavoriteManagerTests.a in Frameworks */,
			);
			runOnlyForDeploymentPostprocessing = 0;
		};
		E931E75A1D55DAAB00D96FC6 /* Frameworks */ = {
			isa = PBXFrameworksBuildPhase;
			buildActionMask = 2147483647;
			files = (
				D8A4DD955E4DD15EB25848BA /* libPods-FavoriteManagerUITests.a in Frameworks */,
			);
			runOnlyForDeploymentPostprocessing = 0;
		};
/* End PBXFrameworksBuildPhase section */

/* Begin PBXGroup section */
		291C2A22630D75C179D85A18 /* Frameworks */ = {
			isa = PBXGroup;
			children = (
				57E7BDB9B3D867AB3AAD7E00 /* libPods-FavoriteManager.a */,
				3372626ED00C9F30B7B9C0AB /* libPods-FavoriteManagerTests.a */,
				9B40061BBD29B862CF43AF42 /* libPods-FavoriteManagerUITests.a */,
			);
			name = Frameworks;
			sourceTree = "<group>";
		};
		DBCD956593FA90C33CF6F61B /* Pods */ = {
			isa = PBXGroup;
			children = (
				33EC790B9C449039148ACC08 /* Pods-FavoriteManager.debug.xcconfig */,
				192929CB0C1E1FD55842695F /* Pods-FavoriteManager.release.xcconfig */,
				C2421C5CAC97B7EF293B7CA6 /* Pods-FavoriteManagerTests.debug.xcconfig */,
				DDED43BD02641CB6296E8C5B /* Pods-FavoriteManagerTests.release.xcconfig */,
				30A4B777268533485835C03B /* Pods-FavoriteManagerUITests.debug.xcconfig */,
				09038F4F180BC35C7CCF0D73 /* Pods-FavoriteManagerUITests.release.xcconfig */,
			);
			name = Pods;
			sourceTree = "<group>";
		};
		E931E7301D55DAAB00D96FC6 = {
			isa = PBXGroup;
			children = (
				E931E73B1D55DAAB00D96FC6 /* FavoriteManager */,
				E931E7551D55DAAB00D96FC6 /* FavoriteManagerTests */,
				E931E7601D55DAAB00D96FC6 /* FavoriteManagerUITests */,
				E931E73A1D55DAAB00D96FC6 /* Products */,
				DBCD956593FA90C33CF6F61B /* Pods */,
				291C2A22630D75C179D85A18 /* Frameworks */,
			);
			sourceTree = "<group>";
		};
		E931E73A1D55DAAB00D96FC6 /* Products */ = {
			isa = PBXGroup;
			children = (
				E931E7391D55DAAB00D96FC6 /* FavoriteManager.app */,
				E931E7521D55DAAB00D96FC6 /* FavoriteManagerTests.xctest */,
				E931E75D1D55DAAB00D96FC6 /* FavoriteManagerUITests.xctest */,
			);
			name = Products;
			sourceTree = "<group>";
		};
		E931E73B1D55DAAB00D96FC6 /* FavoriteManager */ = {
			isa = PBXGroup;
			children = (
				E94283B41D56BAB700FC9B1A /* Controller */,
				E94283B31D56BAB200FC9B1A /* View */,
				E94283B21D56BAA500FC9B1A /* Model */,
				E931E7481D55DAAB00D96FC6 /* Assets.xcassets */,
				E931E74A1D55DAAB00D96FC6 /* LaunchScreen.storyboard */,
				E931E74D1D55DAAB00D96FC6 /* Info.plist */,
				E931E73C1D55DAAB00D96FC6 /* Supporting Files */,
			);
			path = FavoriteManager;
			sourceTree = "<group>";
		};
		E931E73C1D55DAAB00D96FC6 /* Supporting Files */ = {
			isa = PBXGroup;
			children = (
				E931E73D1D55DAAB00D96FC6 /* main.m */,
			);
			name = "Supporting Files";
			sourceTree = "<group>";
		};
		E931E7551D55DAAB00D96FC6 /* FavoriteManagerTests */ = {
			isa = PBXGroup;
			children = (
				E931E7561D55DAAB00D96FC6 /* FavoriteManagerTests.m */,
				E931E7581D55DAAB00D96FC6 /* Info.plist */,
			);
			path = FavoriteManagerTests;
			sourceTree = "<group>";
		};
		E931E7601D55DAAB00D96FC6 /* FavoriteManagerUITests */ = {
			isa = PBXGroup;
			children = (
				E931E7611D55DAAB00D96FC6 /* FavoriteManagerUITests.m */,
				E931E7631D55DAAB00D96FC6 /* Info.plist */,
			);
			path = FavoriteManagerUITests;
			sourceTree = "<group>";
		};
		E94283B21D56BAA500FC9B1A /* Model */ = {
			isa = PBXGroup;
			children = (
				E94283FC1D56BCBD00FC9B1A /* TwitterKit */,
				E94283B71D56BAE100FC9B1A /* Fetcher */,
				E94283B61D56BADA00FC9B1A /* Manager */,
				E94283B51D56BAD400FC9B1A /* Entity */,
			);
			name = Model;
			sourceTree = "<group>";
		};
		E94283B31D56BAB200FC9B1A /* View */ = {
			isa = PBXGroup;
			children = (
				E931E7451D55DAAB00D96FC6 /* Main.storyboard */,
			);
			name = View;
			sourceTree = "<group>";
		};
		E94283B41D56BAB700FC9B1A /* Controller */ = {
			isa = PBXGroup;
			children = (
				E931E73F1D55DAAB00D96FC6 /* AppDelegate.h */,
				E931E7401D55DAAB00D96FC6 /* AppDelegate.m */,
				E931E7421D55DAAB00D96FC6 /* ViewController.h */,
				E931E7431D55DAAB00D96FC6 /* ViewController.m */,
			);
			name = Controller;
			sourceTree = "<group>";
		};
		E94283B51D56BAD400FC9B1A /* Entity */ = {
			isa = PBXGroup;
			children = (
			);
			name = Entity;
			sourceTree = "<group>";
		};
		E94283B61D56BADA00FC9B1A /* Manager */ = {
			isa = PBXGroup;
			children = (
			);
			name = Manager;
			sourceTree = "<group>";
		};
		E94283B71D56BAE100FC9B1A /* Fetcher */ = {
			isa = PBXGroup;
			children = (
				E94283DF1D56BC9400FC9B1A /* FMLoginFetcher.h */,
				E94283E01D56BC9400FC9B1A /* FMLoginFetcher.m */,
			);
			name = Fetcher;
			sourceTree = "<group>";
		};
		E94283FC1D56BCBD00FC9B1A /* TwitterKit */ = {
			isa = PBXGroup;
			children = (
				E94283E21D56BCBD00FC9B1A /* NSDateFormatter+STTwitter.h */,
				E94283E31D56BCBD00FC9B1A /* NSDateFormatter+STTwitter.m */,
				E94283E41D56BCBD00FC9B1A /* NSError+STTwitter.h */,
				E94283E51D56BCBD00FC9B1A /* NSError+STTwitter.m */,
				E94283E61D56BCBD00FC9B1A /* NSString+STTwitter.h */,
				E94283E71D56BCBD00FC9B1A /* NSString+STTwitter.m */,
				E94283E81D56BCBD00FC9B1A /* STHTTPRequest+STTwitter.h */,
				E94283E91D56BCBD00FC9B1A /* STHTTPRequest+STTwitter.m */,
				E94283EA1D56BCBD00FC9B1A /* STTwitter.h */,
				E94283EB1D56BCBD00FC9B1A /* STTwitterAPI.h */,
				E94283EC1D56BCBD00FC9B1A /* STTwitterAPI.m */,
				E94283ED1D56BCBD00FC9B1A /* STTwitterAppOnly.h */,
				E94283EE1D56BCBD00FC9B1A /* STTwitterAppOnly.m */,
				E94283EF1D56BCBD00FC9B1A /* STTwitterHTML.h */,
				E94283F01D56BCBD00FC9B1A /* STTwitterHTML.m */,
				E94283F11D56BCBD00FC9B1A /* STTwitterOAuth.h */,
				E94283F21D56BCBD00FC9B1A /* STTwitterOAuth.m */,
				E94283F31D56BCBD00FC9B1A /* STTwitterOS.h */,
				E94283F41D56BCBD00FC9B1A /* STTwitterOS.m */,
				E94283F51D56BCBD00FC9B1A /* STTwitterOSRequest.h */,
				E94283F61D56BCBD00FC9B1A /* STTwitterOSRequest.m */,
				E94283F71D56BCBD00FC9B1A /* STTwitterProtocol.h */,
				E94283F81D56BCBD00FC9B1A /* STTwitterRequestProtocol.h */,
				E94283F91D56BCBD00FC9B1A /* STTwitterStreamParser.h */,
				E94283FA1D56BCBD00FC9B1A /* STTwitterStreamParser.m */,
				E94283FB1D56BCBD00FC9B1A /* Vendor */,
			);
			name = TwitterKit;
			path = ../Pods;
			sourceTree = "<group>";
		};
/* End PBXGroup section */

/* Begin PBXNativeTarget section */
		E931E7381D55DAAB00D96FC6 /* FavoriteManager */ = {
			isa = PBXNativeTarget;
			buildConfigurationList = E931E7661D55DAAB00D96FC6 /* Build configuration list for PBXNativeTarget "FavoriteManager" */;
			buildPhases = (
				D2EB19546C1D397B01371250 /* [CP] Check Pods Manifest.lock */,
				E931E7351D55DAAB00D96FC6 /* Sources */,
				E931E7361D55DAAB00D96FC6 /* Frameworks */,
				E931E7371D55DAAB00D96FC6 /* Resources */,
				784A3F71E6FAA5765FA326C8 /* [CP] Embed Pods Frameworks */,
				5C2F907D3D9337D66C4C196C /* [CP] Copy Pods Resources */,
			);
			buildRules = (
			);
			dependencies = (
			);
			name = FavoriteManager;
			productName = FavoriteManager;
			productReference = E931E7391D55DAAB00D96FC6 /* FavoriteManager.app */;
			productType = "com.apple.product-type.application";
		};
		E931E7511D55DAAB00D96FC6 /* FavoriteManagerTests */ = {
			isa = PBXNativeTarget;
			buildConfigurationList = E931E7691D55DAAB00D96FC6 /* Build configuration list for PBXNativeTarget "FavoriteManagerTests" */;
			buildPhases = (
				D403E32C020FD9A04D0A77FA /* [CP] Check Pods Manifest.lock */,
				E931E74E1D55DAAB00D96FC6 /* Sources */,
				E931E74F1D55DAAB00D96FC6 /* Frameworks */,
				E931E7501D55DAAB00D96FC6 /* Resources */,
				E54FF4AD9E04566151215BEC /* [CP] Embed Pods Frameworks */,
				3FBB011718A9E281BE724E01 /* [CP] Copy Pods Resources */,
			);
			buildRules = (
			);
			dependencies = (
				E931E7541D55DAAB00D96FC6 /* PBXTargetDependency */,
			);
			name = FavoriteManagerTests;
			productName = FavoriteManagerTests;
			productReference = E931E7521D55DAAB00D96FC6 /* FavoriteManagerTests.xctest */;
			productType = "com.apple.product-type.bundle.unit-test";
		};
		E931E75C1D55DAAB00D96FC6 /* FavoriteManagerUITests */ = {
			isa = PBXNativeTarget;
			buildConfigurationList = E931E76C1D55DAAB00D96FC6 /* Build configuration list for PBXNativeTarget "FavoriteManagerUITests" */;
			buildPhases = (
				5E47606B43ECD5A393317F9B /* [CP] Check Pods Manifest.lock */,
				E931E7591D55DAAB00D96FC6 /* Sources */,
				E931E75A1D55DAAB00D96FC6 /* Frameworks */,
				E931E75B1D55DAAB00D96FC6 /* Resources */,
				3EA044D382BCD4A13FC8D2B5 /* [CP] Copy Pods Resources */,
			);
			buildRules = (
			);
			dependencies = (
				E931E75F1D55DAAB00D96FC6 /* PBXTargetDependency */,
			);
			name = FavoriteManagerUITests;
			productName = FavoriteManagerUITests;
			productReference = E931E75D1D55DAAB00D96FC6 /* FavoriteManagerUITests.xctest */;
			productType = "com.apple.product-type.bundle.ui-testing";
		};
/* End PBXNativeTarget section */

/* Begin PBXProject section */
		E931E7311D55DAAB00D96FC6 /* Project object */ = {
			isa = PBXProject;
			attributes = {
				LastUpgradeCheck = 0730;
				ORGANIZATIONNAME = "南　京兵";
				TargetAttributes = {
					E931E7381D55DAAB00D96FC6 = {
						CreatedOnToolsVersion = 7.3.1;
						DevelopmentTeam = EX674L8SA3;
					};
					E931E7511D55DAAB00D96FC6 = {
						CreatedOnToolsVersion = 7.3.1;
						DevelopmentTeam = EX674L8SA3;
						TestTargetID = E931E7381D55DAAB00D96FC6;
					};
					E931E75C1D55DAAB00D96FC6 = {
						CreatedOnToolsVersion = 7.3.1;
						DevelopmentTeam = EX674L8SA3;
						TestTargetID = E931E7381D55DAAB00D96FC6;
					};
				};
			};
			buildConfigurationList = E931E7341D55DAAB00D96FC6 /* Build configuration list for PBXProject "FavoriteManager" */;
			compatibilityVersion = "Xcode 3.2";
			developmentRegion = English;
			hasScannedForEncodings = 0;
			knownRegions = (
				en,
				Base,
			);
			mainGroup = E931E7301D55DAAB00D96FC6;
			productRefGroup = E931E73A1D55DAAB00D96FC6 /* Products */;
			projectDirPath = "";
			projectRoot = "";
			targets = (
				E931E7381D55DAAB00D96FC6 /* FavoriteManager */,
				E931E7511D55DAAB00D96FC6 /* FavoriteManagerTests */,
				E931E75C1D55DAAB00D96FC6 /* FavoriteManagerUITests */,
			);
		};
/* End PBXProject section */

/* Begin PBXResourcesBuildPhase section */
		E931E7371D55DAAB00D96FC6 /* Resources */ = {
			isa = PBXResourcesBuildPhase;
			buildActionMask = 2147483647;
			files = (
				E94284081D56BCBD00FC9B1A /* Vendor in Resources */,
				E931E74C1D55DAAB00D96FC6 /* LaunchScreen.storyboard in Resources */,
				E931E7491D55DAAB00D96FC6 /* Assets.xcassets in Resources */,
				E931E7471D55DAAB00D96FC6 /* Main.storyboard in Resources */,
			);
			runOnlyForDeploymentPostprocessing = 0;
		};
		E931E7501D55DAAB00D96FC6 /* Resources */ = {
			isa = PBXResourcesBuildPhase;
			buildActionMask = 2147483647;
			files = (
			);
			runOnlyForDeploymentPostprocessing = 0;
		};
		E931E75B1D55DAAB00D96FC6 /* Resources */ = {
			isa = PBXResourcesBuildPhase;
			buildActionMask = 2147483647;
			files = (
			);
			runOnlyForDeploymentPostprocessing = 0;
		};
/* End PBXResourcesBuildPhase section */

/* Begin PBXShellScriptBuildPhase section */
		3EA044D382BCD4A13FC8D2B5 /* [CP] Copy Pods Resources */ = {
			isa = PBXShellScriptBuildPhase;
			buildActionMask = 2147483647;
			files = (
			);
			inputPaths = (
			);
			name = "[CP] Copy Pods Resources";
			outputPaths = (
			);
			runOnlyForDeploymentPostprocessing = 0;
			shellPath = /bin/sh;
			shellScript = "\"${SRCROOT}/Pods/Target Support Files/Pods-FavoriteManagerUITests/Pods-FavoriteManagerUITests-resources.sh\"\n";
			showEnvVarsInLog = 0;
		};
		3FBB011718A9E281BE724E01 /* [CP] Copy Pods Resources */ = {
			isa = PBXShellScriptBuildPhase;
			buildActionMask = 2147483647;
			files = (
			);
			inputPaths = (
			);
			name = "[CP] Copy Pods Resources";
			outputPaths = (
			);
			runOnlyForDeploymentPostprocessing = 0;
			shellPath = /bin/sh;
			shellScript = "\"${SRCROOT}/Pods/Target Support Files/Pods-FavoriteManagerTests/Pods-FavoriteManagerTests-resources.sh\"\n";
			showEnvVarsInLog = 0;
		};
		5C2F907D3D9337D66C4C196C /* [CP] Copy Pods Resources */ = {
			isa = PBXShellScriptBuildPhase;
			buildActionMask = 2147483647;
			files = (
			);
			inputPaths = (
			);
			name = "[CP] Copy Pods Resources";
			outputPaths = (
			);
			runOnlyForDeploymentPostprocessing = 0;
			shellPath = /bin/sh;
			shellScript = "\"${SRCROOT}/Pods/Target Support Files/Pods-FavoriteManager/Pods-FavoriteManager-resources.sh\"\n";
			showEnvVarsInLog = 0;
		};
		5E47606B43ECD5A393317F9B /* [CP] Check Pods Manifest.lock */ = {
			isa = PBXShellScriptBuildPhase;
			buildActionMask = 2147483647;
			files = (
			);
			inputPaths = (
			);
			name = "[CP] Check Pods Manifest.lock";
			outputPaths = (
			);
			runOnlyForDeploymentPostprocessing = 0;
			shellPath = /bin/sh;
			shellScript = "diff \"${PODS_ROOT}/../Podfile.lock\" \"${PODS_ROOT}/Manifest.lock\" > /dev/null\nif [[ $? != 0 ]] ; then\n    cat << EOM\nerror: The sandbox is not in sync with the Podfile.lock. Run 'pod install' or update your CocoaPods installation.\nEOM\n    exit 1\nfi\n";
			showEnvVarsInLog = 0;
		};
		784A3F71E6FAA5765FA326C8 /* [CP] Embed Pods Frameworks */ = {
			isa = PBXShellScriptBuildPhase;
			buildActionMask = 2147483647;
			files = (
			);
			inputPaths = (
			);
			name = "[CP] Embed Pods Frameworks";
			outputPaths = (
			);
			runOnlyForDeploymentPostprocessing = 0;
			shellPath = /bin/sh;
			shellScript = "\"${SRCROOT}/Pods/Target Support Files/Pods-FavoriteManager/Pods-FavoriteManager-frameworks.sh\"\n";
			showEnvVarsInLog = 0;
		};
		D2EB19546C1D397B01371250 /* [CP] Check Pods Manifest.lock */ = {
			isa = PBXShellScriptBuildPhase;
			buildActionMask = 2147483647;
			files = (
			);
			inputPaths = (
			);
			name = "[CP] Check Pods Manifest.lock";
			outputPaths = (
			);
			runOnlyForDeploymentPostprocessing = 0;
			shellPath = /bin/sh;
			shellScript = "diff \"${PODS_ROOT}/../Podfile.lock\" \"${PODS_ROOT}/Manifest.lock\" > /dev/null\nif [[ $? != 0 ]] ; then\n    cat << EOM\nerror: The sandbox is not in sync with the Podfile.lock. Run 'pod install' or update your CocoaPods installation.\nEOM\n    exit 1\nfi\n";
			showEnvVarsInLog = 0;
		};
		D403E32C020FD9A04D0A77FA /* [CP] Check Pods Manifest.lock */ = {
			isa = PBXShellScriptBuildPhase;
			buildActionMask = 2147483647;
			files = (
			);
			inputPaths = (
			);
			name = "[CP] Check Pods Manifest.lock";
			outputPaths = (
			);
			runOnlyForDeploymentPostprocessing = 0;
			shellPath = /bin/sh;
			shellScript = "diff \"${PODS_ROOT}/../Podfile.lock\" \"${PODS_ROOT}/Manifest.lock\" > /dev/null\nif [[ $? != 0 ]] ; then\n    cat << EOM\nerror: The sandbox is not in sync with the Podfile.lock. Run 'pod install' or update your CocoaPods installation.\nEOM\n    exit 1\nfi\n";
			showEnvVarsInLog = 0;
		};
		E54FF4AD9E04566151215BEC /* [CP] Embed Pods Frameworks */ = {
			isa = PBXShellScriptBuildPhase;
			buildActionMask = 2147483647;
			files = (
			);
			inputPaths = (
			);
			name = "[CP] Embed Pods Frameworks";
			outputPaths = (
			);
			runOnlyForDeploymentPostprocessing = 0;
			shellPath = /bin/sh;
			shellScript = "\"${SRCROOT}/Pods/Target Support Files/Pods-FavoriteManagerTests/Pods-FavoriteManagerTests-frameworks.sh\"\n";
			showEnvVarsInLog = 0;
		};
/* End PBXShellScriptBuildPhase section */

/* Begin PBXSourcesBuildPhase section */
		E931E7351D55DAAB00D96FC6 /* Sources */ = {
			isa = PBXSourcesBuildPhase;
			buildActionMask = 2147483647;
			files = (
				E94284051D56BCBD00FC9B1A /* STTwitterOS.m in Sources */,
				E94283FF1D56BCBD00FC9B1A /* NSString+STTwitter.m in Sources */,
				E94284011D56BCBD00FC9B1A /* STTwitterAPI.m in Sources */,
				E94284001D56BCBD00FC9B1A /* STHTTPRequest+STTwitter.m in Sources */,
				E94283FE1D56BCBD00FC9B1A /* NSError+STTwitter.m in Sources */,
				E94284021D56BCBD00FC9B1A /* STTwitterAppOnly.m in Sources */,
				E94284061D56BCBD00FC9B1A /* STTwitterOSRequest.m in Sources */,
				E94283E11D56BC9400FC9B1A /* FMLoginFetcher.m in Sources */,
				E94284041D56BCBD00FC9B1A /* STTwitterOAuth.m in Sources */,
				E94284031D56BCBD00FC9B1A /* STTwitterHTML.m in Sources */,
				E931E7441D55DAAB00D96FC6 /* ViewController.m in Sources */,
				E931E7411D55DAAB00D96FC6 /* AppDelegate.m in Sources */,
				E94283FD1D56BCBD00FC9B1A /* NSDateFormatter+STTwitter.m in Sources */,
				E931E73E1D55DAAB00D96FC6 /* main.m in Sources */,
				E94284071D56BCBD00FC9B1A /* STTwitterStreamParser.m in Sources */,
			);
			runOnlyForDeploymentPostprocessing = 0;
		};
		E931E74E1D55DAAB00D96FC6 /* Sources */ = {
			isa = PBXSourcesBuildPhase;
			buildActionMask = 2147483647;
			files = (
				E931E7571D55DAAB00D96FC6 /* FavoriteManagerTests.m in Sources */,
			);
			runOnlyForDeploymentPostprocessing = 0;
		};
		E931E7591D55DAAB00D96FC6 /* Sources */ = {
			isa = PBXSourcesBuildPhase;
			buildActionMask = 2147483647;
			files = (
				E931E7621D55DAAB00D96FC6 /* FavoriteManagerUITests.m in Sources */,
			);
			runOnlyForDeploymentPostprocessing = 0;
		};
/* End PBXSourcesBuildPhase section */

/* Begin PBXTargetDependency section */
		E931E7541D55DAAB00D96FC6 /* PBXTargetDependency */ = {
			isa = PBXTargetDependency;
			target = E931E7381D55DAAB00D96FC6 /* FavoriteManager */;
			targetProxy = E931E7531D55DAAB00D96FC6 /* PBXContainerItemProxy */;
		};
		E931E75F1D55DAAB00D96FC6 /* PBXTargetDependency */ = {
			isa = PBXTargetDependency;
			target = E931E7381D55DAAB00D96FC6 /* FavoriteManager */;
			targetProxy = E931E75E1D55DAAB00D96FC6 /* PBXContainerItemProxy */;
		};
/* End PBXTargetDependency section */

/* Begin PBXVariantGroup section */
		E931E7451D55DAAB00D96FC6 /* Main.storyboard */ = {
			isa = PBXVariantGroup;
			children = (
				E931E7461D55DAAB00D96FC6 /* Base */,
			);
			name = Main.storyboard;
			sourceTree = "<group>";
		};
		E931E74A1D55DAAB00D96FC6 /* LaunchScreen.storyboard */ = {
			isa = PBXVariantGroup;
			children = (
				E931E74B1D55DAAB00D96FC6 /* Base */,
			);
			name = LaunchScreen.storyboard;
			sourceTree = "<group>";
		};
/* End PBXVariantGroup section */

/* Begin XCBuildConfiguration section */
		E931E7641D55DAAB00D96FC6 /* Debug */ = {
			isa = XCBuildConfiguration;
			buildSettings = {
				ALWAYS_SEARCH_USER_PATHS = NO;
				CLANG_ANALYZER_NONNULL = YES;
				CLANG_CXX_LANGUAGE_STANDARD = "gnu++0x";
				CLANG_CXX_LIBRARY = "libc++";
				CLANG_ENABLE_MODULES = YES;
				CLANG_ENABLE_OBJC_ARC = YES;
				CLANG_WARN_BOOL_CONVERSION = YES;
				CLANG_WARN_CONSTANT_CONVERSION = YES;
				CLANG_WARN_DIRECT_OBJC_ISA_USAGE = YES_ERROR;
				CLANG_WARN_EMPTY_BODY = YES;
				CLANG_WARN_ENUM_CONVERSION = YES;
				CLANG_WARN_INT_CONVERSION = YES;
				CLANG_WARN_OBJC_ROOT_CLASS = YES_ERROR;
				CLANG_WARN_UNREACHABLE_CODE = YES;
				CLANG_WARN__DUPLICATE_METHOD_MATCH = YES;
				"CODE_SIGN_IDENTITY[sdk=iphoneos*]" = "iPhone Developer";
				COPY_PHASE_STRIP = NO;
				DEBUG_INFORMATION_FORMAT = dwarf;
				ENABLE_STRICT_OBJC_MSGSEND = YES;
				ENABLE_TESTABILITY = YES;
				GCC_C_LANGUAGE_STANDARD = gnu99;
				GCC_DYNAMIC_NO_PIC = NO;
				GCC_NO_COMMON_BLOCKS = YES;
				GCC_OPTIMIZATION_LEVEL = 0;
				GCC_PREPROCESSOR_DEFINITIONS = (
					"DEBUG=1",
					"$(inherited)",
				);
				GCC_WARN_64_TO_32_BIT_CONVERSION = YES;
				GCC_WARN_ABOUT_RETURN_TYPE = YES_ERROR;
				GCC_WARN_UNDECLARED_SELECTOR = YES;
				GCC_WARN_UNINITIALIZED_AUTOS = YES_AGGRESSIVE;
				GCC_WARN_UNUSED_FUNCTION = YES;
				GCC_WARN_UNUSED_VARIABLE = YES;
				IPHONEOS_DEPLOYMENT_TARGET = 9.3;
				MTL_ENABLE_DEBUG_INFO = YES;
				ONLY_ACTIVE_ARCH = YES;
				SDKROOT = iphoneos;
				TARGETED_DEVICE_FAMILY = "1,2";
			};
			name = Debug;
		};
		E931E7651D55DAAB00D96FC6 /* Release */ = {
			isa = XCBuildConfiguration;
			buildSettings = {
				ALWAYS_SEARCH_USER_PATHS = NO;
				CLANG_ANALYZER_NONNULL = YES;
				CLANG_CXX_LANGUAGE_STANDARD = "gnu++0x";
				CLANG_CXX_LIBRARY = "libc++";
				CLANG_ENABLE_MODULES = YES;
				CLANG_ENABLE_OBJC_ARC = YES;
				CLANG_WARN_BOOL_CONVERSION = YES;
				CLANG_WARN_CONSTANT_CONVERSION = YES;
				CLANG_WARN_DIRECT_OBJC_ISA_USAGE = YES_ERROR;
				CLANG_WARN_EMPTY_BODY = YES;
				CLANG_WARN_ENUM_CONVERSION = YES;
				CLANG_WARN_INT_CONVERSION = YES;
				CLANG_WARN_OBJC_ROOT_CLASS = YES_ERROR;
				CLANG_WARN_UNREACHABLE_CODE = YES;
				CLANG_WARN__DUPLICATE_METHOD_MATCH = YES;
				"CODE_SIGN_IDENTITY[sdk=iphoneos*]" = "iPhone Developer";
				COPY_PHASE_STRIP = NO;
				DEBUG_INFORMATION_FORMAT = "dwarf-with-dsym";
				ENABLE_NS_ASSERTIONS = NO;
				ENABLE_STRICT_OBJC_MSGSEND = YES;
				GCC_C_LANGUAGE_STANDARD = gnu99;
				GCC_NO_COMMON_BLOCKS = YES;
				GCC_WARN_64_TO_32_BIT_CONVERSION = YES;
				GCC_WARN_ABOUT_RETURN_TYPE = YES_ERROR;
				GCC_WARN_UNDECLARED_SELECTOR = YES;
				GCC_WARN_UNINITIALIZED_AUTOS = YES_AGGRESSIVE;
				GCC_WARN_UNUSED_FUNCTION = YES;
				GCC_WARN_UNUSED_VARIABLE = YES;
				IPHONEOS_DEPLOYMENT_TARGET = 9.3;
				MTL_ENABLE_DEBUG_INFO = NO;
				SDKROOT = iphoneos;
				TARGETED_DEVICE_FAMILY = "1,2";
				VALIDATE_PRODUCT = YES;
			};
			name = Release;
		};
		E931E7671D55DAAB00D96FC6 /* Debug */ = {
			isa = XCBuildConfiguration;
			baseConfigurationReference = 33EC790B9C449039148ACC08 /* Pods-FavoriteManager.debug.xcconfig */;
			buildSettings = {
				ASSETCATALOG_COMPILER_APPICON_NAME = AppIcon;
				CODE_SIGN_IDENTITY = "iPhone Developer";
				INFOPLIST_FILE = FavoriteManager/Info.plist;
				IPHONEOS_DEPLOYMENT_TARGET = 8.1;
				LD_RUNPATH_SEARCH_PATHS = "$(inherited) @executable_path/Frameworks";
				PRODUCT_BUNDLE_IDENTIFIER = twitter.FavoriteManager;
				PRODUCT_NAME = "$(TARGET_NAME)";
			};
			name = Debug;
		};
		E931E7681D55DAAB00D96FC6 /* Release */ = {
			isa = XCBuildConfiguration;
			baseConfigurationReference = 192929CB0C1E1FD55842695F /* Pods-FavoriteManager.release.xcconfig */;
			buildSettings = {
				ASSETCATALOG_COMPILER_APPICON_NAME = AppIcon;
				CODE_SIGN_IDENTITY = "iPhone Developer";
				INFOPLIST_FILE = FavoriteManager/Info.plist;
				IPHONEOS_DEPLOYMENT_TARGET = 8.1;
				LD_RUNPATH_SEARCH_PATHS = "$(inherited) @executable_path/Frameworks";
				PRODUCT_BUNDLE_IDENTIFIER = twitter.FavoriteManager;
				PRODUCT_NAME = "$(TARGET_NAME)";
			};
			name = Release;
		};
		E931E76A1D55DAAB00D96FC6 /* Debug */ = {
			isa = XCBuildConfiguration;
			baseConfigurationReference = C2421C5CAC97B7EF293B7CA6 /* Pods-FavoriteManagerTests.debug.xcconfig */;
			buildSettings = {
				BUNDLE_LOADER = "$(TEST_HOST)";
				INFOPLIST_FILE = FavoriteManagerTests/Info.plist;
				LD_RUNPATH_SEARCH_PATHS = "$(inherited) @executable_path/Frameworks @loader_path/Frameworks";
				PRODUCT_BUNDLE_IDENTIFIER = twitter.FavoriteManagerTests;
				PRODUCT_NAME = "$(TARGET_NAME)";
				TEST_HOST = "$(BUILT_PRODUCTS_DIR)/FavoriteManager.app/FavoriteManager";
			};
			name = Debug;
		};
		E931E76B1D55DAAB00D96FC6 /* Release */ = {
			isa = XCBuildConfiguration;
			baseConfigurationReference = DDED43BD02641CB6296E8C5B /* Pods-FavoriteManagerTests.release.xcconfig */;
			buildSettings = {
				BUNDLE_LOADER = "$(TEST_HOST)";
				INFOPLIST_FILE = FavoriteManagerTests/Info.plist;
				LD_RUNPATH_SEARCH_PATHS = "$(inherited) @executable_path/Frameworks @loader_path/Frameworks";
				PRODUCT_BUNDLE_IDENTIFIER = twitter.FavoriteManagerTests;
				PRODUCT_NAME = "$(TARGET_NAME)";
				TEST_HOST = "$(BUILT_PRODUCTS_DIR)/FavoriteManager.app/FavoriteManager";
			};
			name = Release;
		};
		E931E76D1D55DAAB00D96FC6 /* Debug */ = {
			isa = XCBuildConfiguration;
			baseConfigurationReference = 30A4B777268533485835C03B /* Pods-FavoriteManagerUITests.debug.xcconfig */;
			buildSettings = {
				INFOPLIST_FILE = FavoriteManagerUITests/Info.plist;
				LD_RUNPATH_SEARCH_PATHS = "$(inherited) @executable_path/Frameworks @loader_path/Frameworks";
				PRODUCT_BUNDLE_IDENTIFIER = twitter.FavoriteManagerUITests;
				PRODUCT_NAME = "$(TARGET_NAME)";
				TEST_TARGET_NAME = FavoriteManager;
			};
			name = Debug;
		};
		E931E76E1D55DAAB00D96FC6 /* Release */ = {
			isa = XCBuildConfiguration;
			baseConfigurationReference = 09038F4F180BC35C7CCF0D73 /* Pods-FavoriteManagerUITests.release.xcconfig */;
			buildSettings = {
				INFOPLIST_FILE = FavoriteManagerUITests/Info.plist;
				LD_RUNPATH_SEARCH_PATHS = "$(inherited) @executable_path/Frameworks @loader_path/Frameworks";
				PRODUCT_BUNDLE_IDENTIFIER = twitter.FavoriteManagerUITests;
				PRODUCT_NAME = "$(TARGET_NAME)";
				TEST_TARGET_NAME = FavoriteManager;
			};
			name = Release;
		};
/* End XCBuildConfiguration section */

/* Begin XCConfigurationList section */
		E931E7341D55DAAB00D96FC6 /* Build configuration list for PBXProject "FavoriteManager" */ = {
			isa = XCConfigurationList;
			buildConfigurations = (
				E931E7641D55DAAB00D96FC6 /* Debug */,
				E931E7651D55DAAB00D96FC6 /* Release */,
			);
			defaultConfigurationIsVisible = 0;
			defaultConfigurationName = Release;
		};
		E931E7661D55DAAB00D96FC6 /* Build configuration list for PBXNativeTarget "FavoriteManager" */ = {
			isa = XCConfigurationList;
			buildConfigurations = (
				E931E7671D55DAAB00D96FC6 /* Debug */,
				E931E7681D55DAAB00D96FC6 /* Release */,
			);
			defaultConfigurationIsVisible = 0;
			defaultConfigurationName = Release;
		};
		E931E7691D55DAAB00D96FC6 /* Build configuration list for PBXNativeTarget "FavoriteManagerTests" */ = {
			isa = XCConfigurationList;
			buildConfigurations = (
				E931E76A1D55DAAB00D96FC6 /* Debug */,
				E931E76B1D55DAAB00D96FC6 /* Release */,
			);
			defaultConfigurationIsVisible = 0;
			defaultConfigurationName = Release;
		};
		E931E76C1D55DAAB00D96FC6 /* Build configuration list for PBXNativeTarget "FavoriteManagerUITests" */ = {
			isa = XCConfigurationList;
			buildConfigurations = (
				E931E76D1D55DAAB00D96FC6 /* Debug */,
				E931E76E1D55DAAB00D96FC6 /* Release */,
			);
			defaultConfigurationIsVisible = 0;
			defaultConfigurationName = Release;
		};
/* End XCConfigurationList section */
	};
	rootObject = E931E7311D55DAAB00D96FC6 /* Project object */;
}
